
Microsoft Visual Studio Solution File, Format Version 12.00
# Visual Studio Version 17
VisualStudioVersion = 17.9.34728.123
MinimumVisualStudioVersion = 10.0.40219.1
Project("{FAE04EC0-301F-11D3-BF4B-00C04F79EFBC}") = "student-db", "student-db.csproj", "{5C39B69A-9AD0-4D49-ADF5-5F7D6810D00C}"
EndProject
Global
	GlobalSection(SolutionConfigurationPlatforms) = preSolution
		Debug|Any CPU = Debug|Any CPU
		Release|Any CPU = Release|Any CPU
	EndGlobalSection
	GlobalSection(ProjectConfigurationPlatforms) = postSolution
		{5C39B69A-9AD0-4D49-ADF5-5F7D6810D00C}.Debug|Any CPU.ActiveCfg = Debug|Any CPU
		{5C39B69A-9AD0-4D49-ADF5-5F7D6810D00C}.Debug|Any CPU.Build.0 = Debug|Any CPU
		{5C39B69A-9AD0-4D49-ADF5-5F7D6810D00C}.Release|Any CPU.ActiveCfg = Release|Any CPU
		{5C39B69A-9AD0-4D49-ADF5-5F7D6810D00C}.Release|Any CPU.Build.0 = Release|Any CPU
	EndGlobalSection
	GlobalSection(SolutionProperties) = preSolution
		HideSolutionNode = FALSE
	EndGlobalSection
	GlobalSection(ExtensibilityGlobals) = postSolution
		SolutionGuid = {6F2213BD-6DD1-4D83-A0EA-D010499ADE25}
	EndGlobalSection
EndGlobal
